
Microsoft Visual Studio Solution File, Format Version 12.00
Project("{FAE04EC0-301F-11D3-BF4B-00C04F79EFBC}") = "Joker", "Joker\Joker.csproj", "{6DE248B3-0566-4893-92EE-9FA8389AE357}"
EndProject
Project("{FAE04EC0-301F-11D3-BF4B-00C04F79EFBC}") = "Joker.Tests", "Joker.Tests\Joker.Tests.csproj", "{C5C315E3-CAE9-4026-AF0F-4516CA313865}"
EndProject
Global
	GlobalSection(SolutionConfigurationPlatforms) = preSolution
		Debug|Any CPU = Debug|Any CPU
		Release|Any CPU = Release|Any CPU
	EndGlobalSection
	GlobalSection(ProjectConfigurationPlatforms) = postSolution
		{6DE248B3-0566-4893-92EE-9FA8389AE357}.Debug|Any CPU.ActiveCfg = Debug|Any CPU
		{6DE248B3-0566-4893-92EE-9FA8389AE357}.Debug|Any CPU.Build.0 = Debug|Any CPU
		{6DE248B3-0566-4893-92EE-9FA8389AE357}.Release|Any CPU.ActiveCfg = Release|Any CPU
		{6DE248B3-0566-4893-92EE-9FA8389AE357}.Release|Any CPU.Build.0 = Release|Any CPU
		{C5C315E3-CAE9-4026-AF0F-4516CA313865}.Debug|Any CPU.ActiveCfg = Debug|Any CPU
		{C5C315E3-CAE9-4026-AF0F-4516CA313865}.Debug|Any CPU.Build.0 = Debug|Any CPU
		{C5C315E3-CAE9-4026-AF0F-4516CA313865}.Release|Any CPU.ActiveCfg = Release|Any CPU
		{C5C315E3-CAE9-4026-AF0F-4516CA313865}.Release|Any CPU.Build.0 = Release|Any CPU
	EndGlobalSection
EndGlobal
